// !$*UTF8*$!
{
	archiveVersion = 1;
	classes = {
	};
	objectVersion = 55;
	objects = {

/* Begin PBXBuildFile section */
		AB480A382872456900F90B49 /* TieLabelView.swift in Sources */ = {isa = PBXBuildFile; fileRef = AB480A372872456900F90B49 /* TieLabelView.swift */; };
		AB480A3A287245D300F90B49 /* WinLabel.swift in Sources */ = {isa = PBXBuildFile; fileRef = AB480A39287245D300F90B49 /* WinLabel.swift */; };
		AB480A3C2872466800F90B49 /* LoseLabel.swift in Sources */ = {isa = PBXBuildFile; fileRef = AB480A3B2872466800F90B49 /* LoseLabel.swift */; };
		AB4899DA2867CF5400104367 /* RulesSheetView.swift in Sources */ = {isa = PBXBuildFile; fileRef = AB4899D92867CF5400104367 /* RulesSheetView.swift */; };
		AB81B1392867B6EA00ECD84B /* MainView.swift in Sources */ = {isa = PBXBuildFile; fileRef = AB81B1382867B6EA00ECD84B /* MainView.swift */; };
		AB81B13B2867B74400ECD84B /* ViewRouter.swift in Sources */ = {isa = PBXBuildFile; fileRef = AB81B13A2867B74400ECD84B /* ViewRouter.swift */; };
		ABA2BFEA286F47AF00EEF0E1 /* RPSTitleView.swift in Sources */ = {isa = PBXBuildFile; fileRef = ABA2BFE9286F47AF00EEF0E1 /* RPSTitleView.swift */; };
		ABA2BFEC286F480600EEF0E1 /* ScoreBoxView.swift in Sources */ = {isa = PBXBuildFile; fileRef = ABA2BFEB286F480600EEF0E1 /* ScoreBoxView.swift */; };
		ABA2BFEE2870D53300EEF0E1 /* ThreeCirclesView.swift in Sources */ = {isa = PBXBuildFile; fileRef = ABA2BFED2870D53300EEF0E1 /* ThreeCirclesView.swift */; };
		ABA2BFF22870E9AE00EEF0E1 /* CircleSheetView.swift in Sources */ = {isa = PBXBuildFile; fileRef = ABA2BFF12870E9AE00EEF0E1 /* CircleSheetView.swift */; };
		ABA2BFF42870EB5500EEF0E1 /* YouPickedView.swift in Sources */ = {isa = PBXBuildFile; fileRef = ABA2BFF32870EB5500EEF0E1 /* YouPickedView.swift */; };
		ABA2BFF62870EC5200EEF0E1 /* HousePickedView.swift in Sources */ = {isa = PBXBuildFile; fileRef = ABA2BFF52870EC5200EEF0E1 /* HousePickedView.swift */; };
		ABA2BFFC2870F41200EEF0E1 /* SheetButtonView.swift in Sources */ = {isa = PBXBuildFile; fileRef = ABA2BFFB2870F41200EEF0E1 /* SheetButtonView.swift */; };
		ABA2BFFE287222E700EEF0E1 /* YouWinView.swift in Sources */ = {isa = PBXBuildFile; fileRef = ABA2BFFD287222E700EEF0E1 /* YouWinView.swift */; };
		ABA2C0002872249300EEF0E1 /* CompWinsView.swift in Sources */ = {isa = PBXBuildFile; fileRef = ABA2BFFF2872249300EEF0E1 /* CompWinsView.swift */; };
		ABA2C0022872264F00EEF0E1 /* TieView.swift in Sources */ = {isa = PBXBuildFile; fileRef = ABA2C0012872264F00EEF0E1 /* TieView.swift */; };
		ABC2C6AF2867687000BA5A79 /* FEMRockPaperScissorsApp.swift in Sources */ = {isa = PBXBuildFile; fileRef = ABC2C6AE2867687000BA5A79 /* FEMRockPaperScissorsApp.swift */; };
		ABC2C6B12867687000BA5A79 /* ContentView.swift in Sources */ = {isa = PBXBuildFile; fileRef = ABC2C6B02867687000BA5A79 /* ContentView.swift */; };
		ABC2C6B32867687000BA5A79 /* Assets.xcassets in Resources */ = {isa = PBXBuildFile; fileRef = ABC2C6B22867687000BA5A79 /* Assets.xcassets */; };
		ABC2C6B62867687000BA5A79 /* Preview Assets.xcassets in Resources */ = {isa = PBXBuildFile; fileRef = ABC2C6B52867687000BA5A79 /* Preview Assets.xcassets */; };
		ABC2C6BD2867688300BA5A79 /* Extensions.swift in Sources */ = {isa = PBXBuildFile; fileRef = ABC2C6BC2867688300BA5A79 /* Extensions.swift */; };
		ABC2C6BF286768AF00BA5A79 /* BarlowSemiCondensed-Regular.ttf in Resources */ = {isa = PBXBuildFile; fileRef = ABC2C6BE286768AF00BA5A79 /* BarlowSemiCondensed-Regular.ttf */; };
		ABC2C6C1286768CD00BA5A79 /* icon-scissors.svg in Resources */ = {isa = PBXBuildFile; fileRef = ABC2C6C0286768CD00BA5A79 /* icon-scissors.svg */; };
		ABC2C6C3286768D700BA5A79 /* icon-rock.svg in Resources */ = {isa = PBXBuildFile; fileRef = ABC2C6C2286768D700BA5A79 /* icon-rock.svg */; };
		ABC2C6C5286768DE00BA5A79 /* icon-paper.svg in Resources */ = {isa = PBXBuildFile; fileRef = ABC2C6C4286768DE00BA5A79 /* icon-paper.svg */; };
		ABC2C6C92867752F00BA5A79 /* CircleView.swift in Sources */ = {isa = PBXBuildFile; fileRef = ABC2C6C82867752F00BA5A79 /* CircleView.swift */; };
		ABC2C6CB2867A3EE00BA5A79 /* RulesButtonView.swift in Sources */ = {isa = PBXBuildFile; fileRef = ABC2C6CA2867A3EE00BA5A79 /* RulesButtonView.swift */; };
		ABC2C6CD2867A7D000BA5A79 /* ScoreView.swift in Sources */ = {isa = PBXBuildFile; fileRef = ABC2C6CC2867A7D000BA5A79 /* ScoreView.swift */; };
		ABC2C6CF2867A91000BA5A79 /* BarlowSemiCondensed-ExtraBold.ttf in Resources */ = {isa = PBXBuildFile; fileRef = ABC2C6CE2867A91000BA5A79 /* BarlowSemiCondensed-ExtraBold.ttf */; };
		ABC2C6D12867A91E00BA5A79 /* BarlowSemiCondensed-Bold.ttf in Resources */ = {isa = PBXBuildFile; fileRef = ABC2C6D02867A91E00BA5A79 /* BarlowSemiCondensed-Bold.ttf */; };
		ABC8AD17286DE963003FC3B6 /* ViewModel.swift in Sources */ = {isa = PBXBuildFile; fileRef = ABC8AD16286DE963003FC3B6 /* ViewModel.swift */; };
/* End PBXBuildFile section */

/* Begin PBXFileReference section */
		AB480A372872456900F90B49 /* TieLabelView.swift */ = {isa = PBXFileReference; lastKnownFileType = sourcecode.swift; path = TieLabelView.swift; sourceTree = "<group>"; };
		AB480A39287245D300F90B49 /* WinLabel.swift */ = {isa = PBXFileReference; lastKnownFileType = sourcecode.swift; path = WinLabel.swift; sourceTree = "<group>"; };
		AB480A3B2872466800F90B49 /* LoseLabel.swift */ = {isa = PBXFileReference; lastKnownFileType = sourcecode.swift; path = LoseLabel.swift; sourceTree = "<group>"; };
		AB4899D92867CF5400104367 /* RulesSheetView.swift */ = {isa = PBXFileReference; lastKnownFileType = sourcecode.swift; path = RulesSheetView.swift; sourceTree = "<group>"; };
		AB81B1382867B6EA00ECD84B /* MainView.swift */ = {isa = PBXFileReference; lastKnownFileType = sourcecode.swift; path = MainView.swift; sourceTree = "<group>"; };
		AB81B13A2867B74400ECD84B /* ViewRouter.swift */ = {isa = PBXFileReference; lastKnownFileType = sourcecode.swift; path = ViewRouter.swift; sourceTree = "<group>"; };
		ABA2BFE9286F47AF00EEF0E1 /* RPSTitleView.swift */ = {isa = PBXFileReference; lastKnownFileType = sourcecode.swift; path = RPSTitleView.swift; sourceTree = "<group>"; };
		ABA2BFEB286F480600EEF0E1 /* ScoreBoxView.swift */ = {isa = PBXFileReference; lastKnownFileType = sourcecode.swift; path = ScoreBoxView.swift; sourceTree = "<group>"; };
		ABA2BFED2870D53300EEF0E1 /* ThreeCirclesView.swift */ = {isa = PBXFileReference; lastKnownFileType = sourcecode.swift; path = ThreeCirclesView.swift; sourceTree = "<group>"; };
		ABA2BFF12870E9AE00EEF0E1 /* CircleSheetView.swift */ = {isa = PBXFileReference; lastKnownFileType = sourcecode.swift; path = CircleSheetView.swift; sourceTree = "<group>"; };
		ABA2BFF32870EB5500EEF0E1 /* YouPickedView.swift */ = {isa = PBXFileReference; lastKnownFileType = sourcecode.swift; path = YouPickedView.swift; sourceTree = "<group>"; };
		ABA2BFF52870EC5200EEF0E1 /* HousePickedView.swift */ = {isa = PBXFileReference; lastKnownFileType = sourcecode.swift; path = HousePickedView.swift; sourceTree = "<group>"; };
		ABA2BFFB2870F41200EEF0E1 /* SheetButtonView.swift */ = {isa = PBXFileReference; lastKnownFileType = sourcecode.swift; path = SheetButtonView.swift; sourceTree = "<group>"; };
		ABA2BFFD287222E700EEF0E1 /* YouWinView.swift */ = {isa = PBXFileReference; lastKnownFileType = sourcecode.swift; path = YouWinView.swift; sourceTree = "<group>"; };
		ABA2BFFF2872249300EEF0E1 /* CompWinsView.swift */ = {isa = PBXFileReference; lastKnownFileType = sourcecode.swift; path = CompWinsView.swift; sourceTree = "<group>"; };
		ABA2C0012872264F00EEF0E1 /* TieView.swift */ = {isa = PBXFileReference; lastKnownFileType = sourcecode.swift; path = TieView.swift; sourceTree = "<group>"; };
		ABC2C6AB2867687000BA5A79 /* FEMRockPaperScissors.app */ = {isa = PBXFileReference; explicitFileType = wrapper.application; includeInIndex = 0; path = FEMRockPaperScissors.app; sourceTree = BUILT_PRODUCTS_DIR; };
		ABC2C6AE2867687000BA5A79 /* FEMRockPaperScissorsApp.swift */ = {isa = PBXFileReference; lastKnownFileType = sourcecode.swift; path = FEMRockPaperScissorsApp.swift; sourceTree = "<group>"; };
		ABC2C6B02867687000BA5A79 /* ContentView.swift */ = {isa = PBXFileReference; lastKnownFileType = sourcecode.swift; path = ContentView.swift; sourceTree = "<group>"; };
		ABC2C6B22867687000BA5A79 /* Assets.xcassets */ = {isa = PBXFileReference; lastKnownFileType = folder.assetcatalog; path = Assets.xcassets; sourceTree = "<group>"; };
		ABC2C6B52867687000BA5A79 /* Preview Assets.xcassets */ = {isa = PBXFileReference; lastKnownFileType = folder.assetcatalog; path = "Preview Assets.xcassets"; sourceTree = "<group>"; };
		ABC2C6BC2867688300BA5A79 /* Extensions.swift */ = {isa = PBXFileReference; lastKnownFileType = sourcecode.swift; path = Extensions.swift; sourceTree = "<group>"; };
		ABC2C6BE286768AF00BA5A79 /* BarlowSemiCondensed-Regular.ttf */ = {isa = PBXFileReference; lastKnownFileType = file; path = "BarlowSemiCondensed-Regular.ttf"; sourceTree = "<group>"; };
		ABC2C6C0286768CD00BA5A79 /* icon-scissors.svg */ = {isa = PBXFileReference; fileEncoding = 4; lastKnownFileType = text; path = "icon-scissors.svg"; sourceTree = "<group>"; };
		ABC2C6C2286768D700BA5A79 /* icon-rock.svg */ = {isa = PBXFileReference; fileEncoding = 4; lastKnownFileType = text; path = "icon-rock.svg"; sourceTree = "<group>"; };
		ABC2C6C4286768DE00BA5A79 /* icon-paper.svg */ = {isa = PBXFileReference; fileEncoding = 4; lastKnownFileType = text; path = "icon-paper.svg"; sourceTree = "<group>"; };
		ABC2C6C72867691B00BA5A79 /* Info.plist */ = {isa = PBXFileReference; lastKnownFileType = text.plist; path = Info.plist; sourceTree = "<group>"; };
		ABC2C6C82867752F00BA5A79 /* CircleView.swift */ = {isa = PBXFileReference; lastKnownFileType = sourcecode.swift; path = CircleView.swift; sourceTree = "<group>"; };
		ABC2C6CA2867A3EE00BA5A79 /* RulesButtonView.swift */ = {isa = PBXFileReference; lastKnownFileType = sourcecode.swift; path = RulesButtonView.swift; sourceTree = "<group>"; };
		ABC2C6CC2867A7D000BA5A79 /* ScoreView.swift */ = {isa = PBXFileReference; lastKnownFileType = sourcecode.swift; path = ScoreView.swift; sourceTree = "<group>"; };
		ABC2C6CE2867A91000BA5A79 /* BarlowSemiCondensed-ExtraBold.ttf */ = {isa = PBXFileReference; lastKnownFileType = file; path = "BarlowSemiCondensed-ExtraBold.ttf"; sourceTree = "<group>"; };
		ABC2C6D02867A91E00BA5A79 /* BarlowSemiCondensed-Bold.ttf */ = {isa = PBXFileReference; lastKnownFileType = file; path = "BarlowSemiCondensed-Bold.ttf"; sourceTree = "<group>"; };
		ABC8AD16286DE963003FC3B6 /* ViewModel.swift */ = {isa = PBXFileReference; lastKnownFileType = sourcecode.swift; path = ViewModel.swift; sourceTree = "<group>"; };
/* End PBXFileReference section */

/* Begin PBXFrameworksBuildPhase section */
		ABC2C6A82867687000BA5A79 /* Frameworks */ = {
			isa = PBXFrameworksBuildPhase;
			buildActionMask = 2147483647;
			files = (
			);
			runOnlyForDeploymentPostprocessing = 0;
		};
/* End PBXFrameworksBuildPhase section */

/* Begin PBXGroup section */
		AB81B13C2867B76700ECD84B /* Fonts */ = {
			isa = PBXGroup;
			children = (
				ABC2C6BE286768AF00BA5A79 /* BarlowSemiCondensed-Regular.ttf */,
				ABC2C6D02867A91E00BA5A79 /* BarlowSemiCondensed-Bold.ttf */,
				ABC2C6CE2867A91000BA5A79 /* BarlowSemiCondensed-ExtraBold.ttf */,
			);
			path = Fonts;
			sourceTree = "<group>";
		};
		ABA2BFF72870F24400EEF0E1 /* View */ = {
			isa = PBXGroup;
			children = (
				AB81B1382867B6EA00ECD84B /* MainView.swift */,
				ABA2BFF82870F26E00EEF0E1 /* HeaderView */,
				ABA2BFF92870F29600EEF0E1 /* CirclesView */,
				ABA2BFFA2870F2DA00EEF0E1 /* RulesView */,
			);
			path = View;
			sourceTree = "<group>";
		};
		ABA2BFF82870F26E00EEF0E1 /* HeaderView */ = {
			isa = PBXGroup;
			children = (
				ABC2C6CC2867A7D000BA5A79 /* ScoreView.swift */,
				ABA2BFE9286F47AF00EEF0E1 /* RPSTitleView.swift */,
				ABA2BFEB286F480600EEF0E1 /* ScoreBoxView.swift */,
			);
			path = HeaderView;
			sourceTree = "<group>";
		};
		ABA2BFF92870F29600EEF0E1 /* CirclesView */ = {
			isa = PBXGroup;
			children = (
				ABA2BFED2870D53300EEF0E1 /* ThreeCirclesView.swift */,
				ABC2C6C82867752F00BA5A79 /* CircleView.swift */,
				ABA2C003287228AA00EEF0E1 /* SheetPage */,
			);
			path = CirclesView;
			sourceTree = "<group>";
		};
		ABA2BFFA2870F2DA00EEF0E1 /* RulesView */ = {
			isa = PBXGroup;
			children = (
				ABC2C6CA2867A3EE00BA5A79 /* RulesButtonView.swift */,
				AB4899D92867CF5400104367 /* RulesSheetView.swift */,
			);
			path = RulesView;
			sourceTree = "<group>";
		};
		ABA2C003287228AA00EEF0E1 /* SheetPage */ = {
			isa = PBXGroup;
			children = (
				ABA2BFF12870E9AE00EEF0E1 /* CircleSheetView.swift */,
				ABA2BFFD287222E700EEF0E1 /* YouWinView.swift */,
				ABA2BFFF2872249300EEF0E1 /* CompWinsView.swift */,
				ABA2C0012872264F00EEF0E1 /* TieView.swift */,
				ABA2BFF32870EB5500EEF0E1 /* YouPickedView.swift */,
				ABA2BFF52870EC5200EEF0E1 /* HousePickedView.swift */,
				ABA2BFFB2870F41200EEF0E1 /* SheetButtonView.swift */,
				AB480A372872456900F90B49 /* TieLabelView.swift */,
				AB480A39287245D300F90B49 /* WinLabel.swift */,
				AB480A3B2872466800F90B49 /* LoseLabel.swift */,
			);
			path = SheetPage;
			sourceTree = "<group>";
		};
		ABC2C6A22867687000BA5A79 = {
			isa = PBXGroup;
			children = (
				ABC2C6AD2867687000BA5A79 /* FEMRockPaperScissors */,
				ABC2C6AC2867687000BA5A79 /* Products */,
			);
			sourceTree = "<group>";
		};
		ABC2C6AC2867687000BA5A79 /* Products */ = {
			isa = PBXGroup;
			children = (
				ABC2C6AB2867687000BA5A79 /* FEMRockPaperScissors.app */,
			);
			name = Products;
			sourceTree = "<group>";
		};
		ABC2C6AD2867687000BA5A79 /* FEMRockPaperScissors */ = {
			isa = PBXGroup;
			children = (
				ABC2C6C72867691B00BA5A79 /* Info.plist */,
				ABC2C6AE2867687000BA5A79 /* FEMRockPaperScissorsApp.swift */,
				AB81B13A2867B74400ECD84B /* ViewRouter.swift */,
				ABC2C6B02867687000BA5A79 /* ContentView.swift */,
				ABC8AD16286DE963003FC3B6 /* ViewModel.swift */,
				ABA2BFF72870F24400EEF0E1 /* View */,
				ABC2C6B22867687000BA5A79 /* Assets.xcassets */,
				AB81B13C2867B76700ECD84B /* Fonts */,
				ABC2C6C6286768F200BA5A79 /* Images */,
				ABC2C6B42867687000BA5A79 /* Preview Content */,
				ABC2C6BC2867688300BA5A79 /* Extensions.swift */,
			);
			path = FEMRockPaperScissors;
			sourceTree = "<group>";
		};
		ABC2C6B42867687000BA5A79 /* Preview Content */ = {
			isa = PBXGroup;
			children = (
				ABC2C6B52867687000BA5A79 /* Preview Assets.xcassets */,
			);
			path = "Preview Content";
			sourceTree = "<group>";
		};
		ABC2C6C6286768F200BA5A79 /* Images */ = {
			isa = PBXGroup;
			children = (
				ABC2C6C0286768CD00BA5A79 /* icon-scissors.svg */,
				ABC2C6C2286768D700BA5A79 /* icon-rock.svg */,
				ABC2C6C4286768DE00BA5A79 /* icon-paper.svg */,
			);
			path = Images;
			sourceTree = "<group>";
		};
/* End PBXGroup section */

/* Begin PBXNativeTarget section */
		ABC2C6AA2867687000BA5A79 /* FEMRockPaperScissors */ = {
			isa = PBXNativeTarget;
			buildConfigurationList = ABC2C6B92867687000BA5A79 /* Build configuration list for PBXNativeTarget "FEMRockPaperScissors" */;
			buildPhases = (
				ABC2C6A72867687000BA5A79 /* Sources */,
				ABC2C6A82867687000BA5A79 /* Frameworks */,
				ABC2C6A92867687000BA5A79 /* Resources */,
			);
			buildRules = (
			);
			dependencies = (
			);
			name = FEMRockPaperScissors;
			productName = FEMRockPaperScissors;
			productReference = ABC2C6AB2867687000BA5A79 /* FEMRockPaperScissors.app */;
			productType = "com.apple.product-type.application";
		};
/* End PBXNativeTarget section */

/* Begin PBXProject section */
		ABC2C6A32867687000BA5A79 /* Project object */ = {
			isa = PBXProject;
			attributes = {
				BuildIndependentTargetsInParallel = 1;
				LastSwiftUpdateCheck = 1340;
				LastUpgradeCheck = 1340;
				TargetAttributes = {
					ABC2C6AA2867687000BA5A79 = {
						CreatedOnToolsVersion = 13.4.1;
					};
				};
			};
			buildConfigurationList = ABC2C6A62867687000BA5A79 /* Build configuration list for PBXProject "FEMRockPaperScissors" */;
			compatibilityVersion = "Xcode 13.0";
			developmentRegion = en;
			hasScannedForEncodings = 0;
			knownRegions = (
				en,
				Base,
			);
			mainGroup = ABC2C6A22867687000BA5A79;
			productRefGroup = ABC2C6AC2867687000BA5A79 /* Products */;
			projectDirPath = "";
			projectRoot = "";
			targets = (
				ABC2C6AA2867687000BA5A79 /* FEMRockPaperScissors */,
			);
		};
/* End PBXProject section */

/* Begin PBXResourcesBuildPhase section */
		ABC2C6A92867687000BA5A79 /* Resources */ = {
			isa = PBXResourcesBuildPhase;
			buildActionMask = 2147483647;
			files = (
				ABC2C6C5286768DE00BA5A79 /* icon-paper.svg in Resources */,
				ABC2C6CF2867A91000BA5A79 /* BarlowSemiCondensed-ExtraBold.ttf in Resources */,
				ABC2C6B62867687000BA5A79 /* Preview Assets.xcassets in Resources */,
				ABC2C6B32867687000BA5A79 /* Assets.xcassets in Resources */,
				ABC2C6C1286768CD00BA5A79 /* icon-scissors.svg in Resources */,
				ABC2C6C3286768D700BA5A79 /* icon-rock.svg in Resources */,
				ABC2C6D12867A91E00BA5A79 /* BarlowSemiCondensed-Bold.ttf in Resources */,
				ABC2C6BF286768AF00BA5A79 /* BarlowSemiCondensed-Regular.ttf in Resources */,
			);
			runOnlyForDeploymentPostprocessing = 0;
		};
/* End PBXResourcesBuildPhase section */

/* Begin PBXSourcesBuildPhase section */
		ABC2C6A72867687000BA5A79 /* Sources */ = {
			isa = PBXSourcesBuildPhase;
			buildActionMask = 2147483647;
			files = (
				AB480A3C2872466800F90B49 /* LoseLabel.swift in Sources */,
				ABC8AD17286DE963003FC3B6 /* ViewModel.swift in Sources */,
				ABC2C6CB2867A3EE00BA5A79 /* RulesButtonView.swift in Sources */,
				ABA2C0002872249300EEF0E1 /* CompWinsView.swift in Sources */,
				AB480A382872456900F90B49 /* TieLabelView.swift in Sources */,
				ABA2BFEA286F47AF00EEF0E1 /* RPSTitleView.swift in Sources */,
				ABA2BFFE287222E700EEF0E1 /* YouWinView.swift in Sources */,
				ABA2C0022872264F00EEF0E1 /* TieView.swift in Sources */,
				AB4899DA2867CF5400104367 /* RulesSheetView.swift in Sources */,
				AB81B1392867B6EA00ECD84B /* MainView.swift in Sources */,
				ABC2C6C92867752F00BA5A79 /* CircleView.swift in Sources */,
				ABA2BFEE2870D53300EEF0E1 /* ThreeCirclesView.swift in Sources */,
				AB480A3A287245D300F90B49 /* WinLabel.swift in Sources */,
				ABC2C6B12867687000BA5A79 /* ContentView.swift in Sources */,
				ABC2C6BD2867688300BA5A79 /* Extensions.swift in Sources */,
				ABA2BFF22870E9AE00EEF0E1 /* CircleSheetView.swift in Sources */,
				ABA2BFF42870EB5500EEF0E1 /* YouPickedView.swift in Sources */,
				ABA2BFEC286F480600EEF0E1 /* ScoreBoxView.swift in Sources */,
				ABA2BFFC2870F41200EEF0E1 /* SheetButtonView.swift in Sources */,
				ABC2C6AF2867687000BA5A79 /* FEMRockPaperScissorsApp.swift in Sources */,
				ABC2C6CD2867A7D000BA5A79 /* ScoreView.swift in Sources */,
				AB81B13B2867B74400ECD84B /* ViewRouter.swift in Sources */,
				ABA2BFF62870EC5200EEF0E1 /* HousePickedView.swift in Sources */,
			);
			runOnlyForDeploymentPostprocessing = 0;
		};
/* End PBXSourcesBuildPhase section */

/* Begin XCBuildConfiguration section */
		ABC2C6B72867687000BA5A79 /* Debug */ = {
			isa = XCBuildConfiguration;
			buildSettings = {
				ALWAYS_SEARCH_USER_PATHS = NO;
				CLANG_ANALYZER_NONNULL = YES;
				CLANG_ANALYZER_NUMBER_OBJECT_CONVERSION = YES_AGGRESSIVE;
				CLANG_CXX_LANGUAGE_STANDARD = "gnu++17";
				CLANG_ENABLE_MODULES = YES;
				CLANG_ENABLE_OBJC_ARC = YES;
				CLANG_ENABLE_OBJC_WEAK = YES;
				CLANG_WARN_BLOCK_CAPTURE_AUTORELEASING = YES;
				CLANG_WARN_BOOL_CONVERSION = YES;
				CLANG_WARN_COMMA = YES;
				CLANG_WARN_CONSTANT_CONVERSION = YES;
				CLANG_WARN_DEPRECATED_OBJC_IMPLEMENTATIONS = YES;
				CLANG_WARN_DIRECT_OBJC_ISA_USAGE = YES_ERROR;
				CLANG_WARN_DOCUMENTATION_COMMENTS = YES;
				CLANG_WARN_EMPTY_BODY = YES;
				CLANG_WARN_ENUM_CONVERSION = YES;
				CLANG_WARN_INFINITE_RECURSION = YES;
				CLANG_WARN_INT_CONVERSION = YES;
				CLANG_WARN_NON_LITERAL_NULL_CONVERSION = YES;
				CLANG_WARN_OBJC_IMPLICIT_RETAIN_SELF = YES;
				CLANG_WARN_OBJC_LITERAL_CONVERSION = YES;
				CLANG_WARN_OBJC_ROOT_CLASS = YES_ERROR;
				CLANG_WARN_QUOTED_INCLUDE_IN_FRAMEWORK_HEADER = YES;
				CLANG_WARN_RANGE_LOOP_ANALYSIS = YES;
				CLANG_WARN_STRICT_PROTOTYPES = YES;
				CLANG_WARN_SUSPICIOUS_MOVE = YES;
				CLANG_WARN_UNGUARDED_AVAILABILITY = YES_AGGRESSIVE;
				CLANG_WARN_UNREACHABLE_CODE = YES;
				CLANG_WARN__DUPLICATE_METHOD_MATCH = YES;
				COPY_PHASE_STRIP = NO;
				DEBUG_INFORMATION_FORMAT = dwarf;
				ENABLE_STRICT_OBJC_MSGSEND = YES;
				ENABLE_TESTABILITY = YES;
				GCC_C_LANGUAGE_STANDARD = gnu11;
				GCC_DYNAMIC_NO_PIC = NO;
				GCC_NO_COMMON_BLOCKS = YES;
				GCC_OPTIMIZATION_LEVEL = 0;
				GCC_PREPROCESSOR_DEFINITIONS = (
					"DEBUG=1",
					"$(inherited)",
				);
				GCC_WARN_64_TO_32_BIT_CONVERSION = YES;
				GCC_WARN_ABOUT_RETURN_TYPE = YES_ERROR;
				GCC_WARN_UNDECLARED_SELECTOR = YES;
				GCC_WARN_UNINITIALIZED_AUTOS = YES_AGGRESSIVE;
				GCC_WARN_UNUSED_FUNCTION = YES;
				GCC_WARN_UNUSED_VARIABLE = YES;
				IPHONEOS_DEPLOYMENT_TARGET = 15.5;
				MTL_ENABLE_DEBUG_INFO = INCLUDE_SOURCE;
				MTL_FAST_MATH = YES;
				ONLY_ACTIVE_ARCH = YES;
				SDKROOT = iphoneos;
				SWIFT_ACTIVE_COMPILATION_CONDITIONS = DEBUG;
				SWIFT_OPTIMIZATION_LEVEL = "-Onone";
			};
			name = Debug;
		};
		ABC2C6B82867687000BA5A79 /* Release */ = {
			isa = XCBuildConfiguration;
			buildSettings = {
				ALWAYS_SEARCH_USER_PATHS = NO;
				CLANG_ANALYZER_NONNULL = YES;
				CLANG_ANALYZER_NUMBER_OBJECT_CONVERSION = YES_AGGRESSIVE;
				CLANG_CXX_LANGUAGE_STANDARD = "gnu++17";
				CLANG_ENABLE_MODULES = YES;
				CLANG_ENABLE_OBJC_ARC = YES;
				CLANG_ENABLE_OBJC_WEAK = YES;
				CLANG_WARN_BLOCK_CAPTURE_AUTORELEASING = YES;
				CLANG_WARN_BOOL_CONVERSION = YES;
				CLANG_WARN_COMMA = YES;
				CLANG_WARN_CONSTANT_CONVERSION = YES;
				CLANG_WARN_DEPRECATED_OBJC_IMPLEMENTATIONS = YES;
				CLANG_WARN_DIRECT_OBJC_ISA_USAGE = YES_ERROR;
				CLANG_WARN_DOCUMENTATION_COMMENTS = YES;
				CLANG_WARN_EMPTY_BODY = YES;
				CLANG_WARN_ENUM_CONVERSION = YES;
				CLANG_WARN_INFINITE_RECURSION = YES;
				CLANG_WARN_INT_CONVERSION = YES;
				CLANG_WARN_NON_LITERAL_NULL_CONVERSION = YES;
				CLANG_WARN_OBJC_IMPLICIT_RETAIN_SELF = YES;
				CLANG_WARN_OBJC_LITERAL_CONVERSION = YES;
				CLANG_WARN_OBJC_ROOT_CLASS = YES_ERROR;
				CLANG_WARN_QUOTED_INCLUDE_IN_FRAMEWORK_HEADER = YES;
				CLANG_WARN_RANGE_LOOP_ANALYSIS = YES;
				CLANG_WARN_STRICT_PROTOTYPES = YES;
				CLANG_WARN_SUSPICIOUS_MOVE = YES;
				CLANG_WARN_UNGUARDED_AVAILABILITY = YES_AGGRESSIVE;
				CLANG_WARN_UNREACHABLE_CODE = YES;
				CLANG_WARN__DUPLICATE_METHOD_MATCH = YES;
				COPY_PHASE_STRIP = NO;
				DEBUG_INFORMATION_FORMAT = "dwarf-with-dsym";
				ENABLE_NS_ASSERTIONS = NO;
				ENABLE_STRICT_OBJC_MSGSEND = YES;
				GCC_C_LANGUAGE_STANDARD = gnu11;
				GCC_NO_COMMON_BLOCKS = YES;
				GCC_WARN_64_TO_32_BIT_CONVERSION = YES;
				GCC_WARN_ABOUT_RETURN_TYPE = YES_ERROR;
				GCC_WARN_UNDECLARED_SELECTOR = YES;
				GCC_WARN_UNINITIALIZED_AUTOS = YES_AGGRESSIVE;
				GCC_WARN_UNUSED_FUNCTION = YES;
				GCC_WARN_UNUSED_VARIABLE = YES;
				IPHONEOS_DEPLOYMENT_TARGET = 15.5;
				MTL_ENABLE_DEBUG_INFO = NO;
				MTL_FAST_MATH = YES;
				SDKROOT = iphoneos;
				SWIFT_COMPILATION_MODE = wholemodule;
				SWIFT_OPTIMIZATION_LEVEL = "-O";
				VALIDATE_PRODUCT = YES;
			};
			name = Release;
		};
		ABC2C6BA2867687000BA5A79 /* Debug */ = {
			isa = XCBuildConfiguration;
			buildSettings = {
				ASSETCATALOG_COMPILER_APPICON_NAME = AppIcon;
				ASSETCATALOG_COMPILER_GLOBAL_ACCENT_COLOR_NAME = AccentColor;
				CODE_SIGN_STYLE = Automatic;
				CURRENT_PROJECT_VERSION = 1;
				DEVELOPMENT_ASSET_PATHS = "\"FEMRockPaperScissors/Preview Content\"";
				DEVELOPMENT_TEAM = 25MBFXXLA7;
				ENABLE_PREVIEWS = YES;
				GENERATE_INFOPLIST_FILE = YES;
				INFOPLIST_FILE = FEMRockPaperScissors/Info.plist;
				INFOPLIST_KEY_UIApplicationSceneManifest_Generation = YES;
				INFOPLIST_KEY_UIApplicationSupportsIndirectInputEvents = YES;
				INFOPLIST_KEY_UILaunchScreen_Generation = YES;
				INFOPLIST_KEY_UISupportedInterfaceOrientations_iPad = "UIInterfaceOrientationPortrait UIInterfaceOrientationPortraitUpsideDown UIInterfaceOrientationLandscapeLeft UIInterfaceOrientationLandscapeRight";
				INFOPLIST_KEY_UISupportedInterfaceOrientations_iPhone = "UIInterfaceOrientationPortrait UIInterfaceOrientationLandscapeLeft UIInterfaceOrientationLandscapeRight";
				LD_RUNPATH_SEARCH_PATHS = (
					"$(inherited)",
					"@executable_path/Frameworks",
				);
				MARKETING_VERSION = 1.0;
				PRODUCT_BUNDLE_IDENTIFIER = co.rar.FEMRockPaperScissors;
				PRODUCT_NAME = "$(TARGET_NAME)";
				SWIFT_EMIT_LOC_STRINGS = YES;
				SWIFT_VERSION = 5.0;
				TARGETED_DEVICE_FAMILY = "1,2";
			};
			name = Debug;
		};
		ABC2C6BB2867687000BA5A79 /* Release */ = {
			isa = XCBuildConfiguration;
			buildSettings = {
				ASSETCATALOG_COMPILER_APPICON_NAME = AppIcon;
				ASSETCATALOG_COMPILER_GLOBAL_ACCENT_COLOR_NAME = AccentColor;
				CODE_SIGN_STYLE = Automatic;
				CURRENT_PROJECT_VERSION = 1;
				DEVELOPMENT_ASSET_PATHS = "\"FEMRockPaperScissors/Preview Content\"";
				DEVELOPMENT_TEAM = 25MBFXXLA7;
				ENABLE_PREVIEWS = YES;
				GENERATE_INFOPLIST_FILE = YES;
				INFOPLIST_FILE = FEMRockPaperScissors/Info.plist;
				INFOPLIST_KEY_UIApplicationSceneManifest_Generation = YES;
				INFOPLIST_KEY_UIApplicationSupportsIndirectInputEvents = YES;
				INFOPLIST_KEY_UILaunchScreen_Generation = YES;
				INFOPLIST_KEY_UISupportedInterfaceOrientations_iPad = "UIInterfaceOrientationPortrait UIInterfaceOrientationPortraitUpsideDown UIInterfaceOrientationLandscapeLeft UIInterfaceOrientationLandscapeRight";
				INFOPLIST_KEY_UISupportedInterfaceOrientations_iPhone = "UIInterfaceOrientationPortrait UIInterfaceOrientationLandscapeLeft UIInterfaceOrientationLandscapeRight";
				LD_RUNPATH_SEARCH_PATHS = (
					"$(inherited)",
					"@executable_path/Frameworks",
				);
				MARKETING_VERSION = 1.0;
				PRODUCT_BUNDLE_IDENTIFIER = co.rar.FEMRockPaperScissors;
				PRODUCT_NAME = "$(TARGET_NAME)";
				SWIFT_EMIT_LOC_STRINGS = YES;
				SWIFT_VERSION = 5.0;
				TARGETED_DEVICE_FAMILY = "1,2";
			};
			name = Release;
		};
/* End XCBuildConfiguration section */

/* Begin XCConfigurationList section */
		ABC2C6A62867687000BA5A79 /* Build configuration list for PBXProject "FEMRockPaperScissors" */ = {
			isa = XCConfigurationList;
			buildConfigurations = (
				ABC2C6B72867687000BA5A79 /* Debug */,
				ABC2C6B82867687000BA5A79 /* Release */,
			);
			defaultConfigurationIsVisible = 0;
			defaultConfigurationName = Release;
		};
		ABC2C6B92867687000BA5A79 /* Build configuration list for PBXNativeTarget "FEMRockPaperScissors" */ = {
			isa = XCConfigurationList;
			buildConfigurations = (
				ABC2C6BA2867687000BA5A79 /* Debug */,
				ABC2C6BB2867687000BA5A79 /* Release */,
			);
			defaultConfigurationIsVisible = 0;
			defaultConfigurationName = Release;
		};
/* End XCConfigurationList section */
	};
	rootObject = ABC2C6A32867687000BA5A79 /* Project object */;
}
